
Microsoft Visual Studio Solution File, Format Version 12.00
# Visual Studio Version 16
VisualStudioVersion = 16.0.30611.23
MinimumVisualStudioVersion = 10.0.40219.1
Project("{9A19103F-16F7-4668-BE54-9A1E7A4F7556}") = "OnlineShop.API", "OnlineShop.API\OnlineShop.API.csproj", "{E0DA617A-A18D-4D47-B929-C66FDB488FC8}"
EndProject
Project("{9A19103F-16F7-4668-BE54-9A1E7A4F7556}") = "OnlineShop.DAL", "OnlineShop.DAL\OnlineShop.DAL.csproj", "{01608391-7272-45AD-93F4-66E362BCA849}"
EndProject
Project("{9A19103F-16F7-4668-BE54-9A1E7A4F7556}") = "OnlineShop.BLL", "OnlineShop.BLL\OnlineShop.BLL.csproj", "{40A7546D-175A-49FC-95D1-4575390B01BF}"
EndProject
Project("{9A19103F-16F7-4668-BE54-9A1E7A4F7556}") = "OnlineShop.DTOModels", "OnlineShop.DTOModels\OnlineShop.DTOModels.csproj", "{8244E88B-ADBD-4EDA-9F54-D26E991A2A66}"
EndProject
Project("{FAE04EC0-301F-11D3-BF4B-00C04F79EFBC}") = "OnlineShop.Models", "OnlineShop.Models\OnlineShop.Models.csproj", "{77F68A9D-D06B-434C-8C8B-CB363B76795B}"
EndProject
Global
	GlobalSection(SolutionConfigurationPlatforms) = preSolution
		Debug|Any CPU = Debug|Any CPU
		Release|Any CPU = Release|Any CPU
	EndGlobalSection
	GlobalSection(ProjectConfigurationPlatforms) = postSolution
		{E0DA617A-A18D-4D47-B929-C66FDB488FC8}.Debug|Any CPU.ActiveCfg = Debug|Any CPU
		{E0DA617A-A18D-4D47-B929-C66FDB488FC8}.Debug|Any CPU.Build.0 = Debug|Any CPU
		{E0DA617A-A18D-4D47-B929-C66FDB488FC8}.Release|Any CPU.ActiveCfg = Release|Any CPU
		{E0DA617A-A18D-4D47-B929-C66FDB488FC8}.Release|Any CPU.Build.0 = Release|Any CPU
		{01608391-7272-45AD-93F4-66E362BCA849}.Debug|Any CPU.ActiveCfg = Debug|Any CPU
		{01608391-7272-45AD-93F4-66E362BCA849}.Debug|Any CPU.Build.0 = Debug|Any CPU
		{01608391-7272-45AD-93F4-66E362BCA849}.Release|Any CPU.ActiveCfg = Release|Any CPU
		{01608391-7272-45AD-93F4-66E362BCA849}.Release|Any CPU.Build.0 = Release|Any CPU
		{40A7546D-175A-49FC-95D1-4575390B01BF}.Debug|Any CPU.ActiveCfg = Debug|Any CPU
		{40A7546D-175A-49FC-95D1-4575390B01BF}.Debug|Any CPU.Build.0 = Debug|Any CPU
		{40A7546D-175A-49FC-95D1-4575390B01BF}.Release|Any CPU.ActiveCfg = Release|Any CPU
		{40A7546D-175A-49FC-95D1-4575390B01BF}.Release|Any CPU.Build.0 = Release|Any CPU
		{8244E88B-ADBD-4EDA-9F54-D26E991A2A66}.Debug|Any CPU.ActiveCfg = Debug|Any CPU
		{8244E88B-ADBD-4EDA-9F54-D26E991A2A66}.Debug|Any CPU.Build.0 = Debug|Any CPU
		{8244E88B-ADBD-4EDA-9F54-D26E991A2A66}.Release|Any CPU.ActiveCfg = Release|Any CPU
		{8244E88B-ADBD-4EDA-9F54-D26E991A2A66}.Release|Any CPU.Build.0 = Release|Any CPU
		{77F68A9D-D06B-434C-8C8B-CB363B76795B}.Debug|Any CPU.ActiveCfg = Debug|Any CPU
		{77F68A9D-D06B-434C-8C8B-CB363B76795B}.Debug|Any CPU.Build.0 = Debug|Any CPU
		{77F68A9D-D06B-434C-8C8B-CB363B76795B}.Release|Any CPU.ActiveCfg = Release|Any CPU
		{77F68A9D-D06B-434C-8C8B-CB363B76795B}.Release|Any CPU.Build.0 = Release|Any CPU
	EndGlobalSection
	GlobalSection(SolutionProperties) = preSolution
		HideSolutionNode = FALSE
	EndGlobalSection
	GlobalSection(ExtensibilityGlobals) = postSolution
		SolutionGuid = {7CC3932E-9074-448A-B32F-36B01F39910F}
	EndGlobalSection
EndGlobal
